
Microsoft Visual Studio Solution File, Format Version 12.00
# Visual Studio 14
VisualStudioVersion = 14.0.23107.0
MinimumVisualStudioVersion = 10.0.40219.1
Project("{159641D6-6404-4A2A-AE62-294DE0FE8301}") = "TrabajoAutonomo05", "TrabajoAutonomo05\TrabajoAutonomo05.dtproj", "{E6331030-FABA-4FA0-8C6B-3DD3DA401E84}"
EndProject
Global
	GlobalSection(SolutionConfigurationPlatforms) = preSolution
		Development|Default = Development|Default
	EndGlobalSection
	GlobalSection(ProjectConfigurationPlatforms) = postSolution
		{E6331030-FABA-4FA0-8C6B-3DD3DA401E84}.Development|Default.ActiveCfg = Development
		{E6331030-FABA-4FA0-8C6B-3DD3DA401E84}.Development|Default.Build.0 = Development
	EndGlobalSection
	GlobalSection(SolutionProperties) = preSolution
		HideSolutionNode = FALSE
	EndGlobalSection
EndGlobal
